
Microsoft Visual Studio Solution File, Format Version 12.00
# Visual Studio Version 17
VisualStudioVersion = 17.5.002.0
MinimumVisualStudioVersion = 10.0.40219.1
Project("{9A19103F-16F7-4668-BE54-9A1E7A4F7556}") = "niceone", "niceone.csproj", "{CC6FEAC6-9530-4A72-B95F-6FB2F63A0228}"
EndProject
Global
	GlobalSection(SolutionConfigurationPlatforms) = preSolution
		Debug|Any CPU = Debug|Any CPU
		Release|Any CPU = Release|Any CPU
	EndGlobalSection
	GlobalSection(ProjectConfigurationPlatforms) = postSolution
		{CC6FEAC6-9530-4A72-B95F-6FB2F63A0228}.Debug|Any CPU.ActiveCfg = Debug|Any CPU
		{CC6FEAC6-9530-4A72-B95F-6FB2F63A0228}.Debug|Any CPU.Build.0 = Debug|Any CPU
		{CC6FEAC6-9530-4A72-B95F-6FB2F63A0228}.Release|Any CPU.ActiveCfg = Release|Any CPU
		{CC6FEAC6-9530-4A72-B95F-6FB2F63A0228}.Release|Any CPU.Build.0 = Release|Any CPU
	EndGlobalSection
	GlobalSection(SolutionProperties) = preSolution
		HideSolutionNode = FALSE
	EndGlobalSection
	GlobalSection(ExtensibilityGlobals) = postSolution
		SolutionGuid = {0188119A-4585-4570-A6CD-42EEBFFFFDE4}
	EndGlobalSection
EndGlobal
